
Microsoft Visual Studio Solution File, Format Version 12.00
# Visual Studio 2013
VisualStudioVersion = 12.0.31101.0
MinimumVisualStudioVersion = 10.0.40219.1
Project("{FAE04EC0-301F-11D3-BF4B-00C04F79EFBC}") = "ConsoleServer", "ConsoleServer\ConsoleServer.csproj", "{DDA608F8-2267-404F-9AF8-ABC758414E01}"
EndProject
Project("{FAE04EC0-301F-11D3-BF4B-00C04F79EFBC}") = "ConsoleClient", "ConsoleClient\ConsoleClient.csproj", "{B4744E51-5638-496F-895D-815C820FBBE4}"
EndProject
Project("{FAE04EC0-301F-11D3-BF4B-00C04F79EFBC}") = "ConsoleAnonymousClient", "ConsoleAnonymousClient\ConsoleAnonymousClient.csproj", "{FEF91318-57B5-44BD-8D34-8E20A7150DBB}"
EndProject
Project("{FAE04EC0-301F-11D3-BF4B-00C04F79EFBC}") = "PipeLite", "PipeLite\PipeLite.csproj", "{FB756568-FDAB-4EA3-A740-05F30266CDF6}"
EndProject
Global
	GlobalSection(SolutionConfigurationPlatforms) = preSolution
		Debug|Any CPU = Debug|Any CPU
		Release|Any CPU = Release|Any CPU
	EndGlobalSection
	GlobalSection(ProjectConfigurationPlatforms) = postSolution
		{DDA608F8-2267-404F-9AF8-ABC758414E01}.Debug|Any CPU.ActiveCfg = Debug|Any CPU
		{DDA608F8-2267-404F-9AF8-ABC758414E01}.Debug|Any CPU.Build.0 = Debug|Any CPU
		{DDA608F8-2267-404F-9AF8-ABC758414E01}.Release|Any CPU.ActiveCfg = Release|Any CPU
		{DDA608F8-2267-404F-9AF8-ABC758414E01}.Release|Any CPU.Build.0 = Release|Any CPU
		{B4744E51-5638-496F-895D-815C820FBBE4}.Debug|Any CPU.ActiveCfg = Debug|Any CPU
		{B4744E51-5638-496F-895D-815C820FBBE4}.Debug|Any CPU.Build.0 = Debug|Any CPU
		{B4744E51-5638-496F-895D-815C820FBBE4}.Release|Any CPU.ActiveCfg = Release|Any CPU
		{B4744E51-5638-496F-895D-815C820FBBE4}.Release|Any CPU.Build.0 = Release|Any CPU
		{FEF91318-57B5-44BD-8D34-8E20A7150DBB}.Debug|Any CPU.ActiveCfg = Debug|Any CPU
		{FEF91318-57B5-44BD-8D34-8E20A7150DBB}.Debug|Any CPU.Build.0 = Debug|Any CPU
		{FEF91318-57B5-44BD-8D34-8E20A7150DBB}.Release|Any CPU.ActiveCfg = Release|Any CPU
		{FEF91318-57B5-44BD-8D34-8E20A7150DBB}.Release|Any CPU.Build.0 = Release|Any CPU
		{FB756568-FDAB-4EA3-A740-05F30266CDF6}.Debug|Any CPU.ActiveCfg = Debug|Any CPU
		{FB756568-FDAB-4EA3-A740-05F30266CDF6}.Debug|Any CPU.Build.0 = Debug|Any CPU
		{FB756568-FDAB-4EA3-A740-05F30266CDF6}.Release|Any CPU.ActiveCfg = Release|Any CPU
		{FB756568-FDAB-4EA3-A740-05F30266CDF6}.Release|Any CPU.Build.0 = Release|Any CPU
	EndGlobalSection
	GlobalSection(SolutionProperties) = preSolution
		HideSolutionNode = FALSE
	EndGlobalSection
EndGlobal
